
Microsoft Visual Studio Solution File, Format Version 12.00
# Visual Studio Version 16
VisualStudioVersion = 16.0.30114.105
MinimumVisualStudioVersion = 10.0.40219.1
Project("{FAE04EC0-301F-11D3-BF4B-00C04F79EFBC}") = "Blog", "Blog\Blog.csproj", "{3407F977-7D52-429B-B75E-454D6C9809E6}"
EndProject
Global
	GlobalSection(SolutionConfigurationPlatforms) = preSolution
		Debug|Any CPU = Debug|Any CPU
		Release|Any CPU = Release|Any CPU
	EndGlobalSection
	GlobalSection(ProjectConfigurationPlatforms) = postSolution
		{3407F977-7D52-429B-B75E-454D6C9809E6}.Debug|Any CPU.ActiveCfg = Debug|Any CPU
		{3407F977-7D52-429B-B75E-454D6C9809E6}.Debug|Any CPU.Build.0 = Debug|Any CPU
		{3407F977-7D52-429B-B75E-454D6C9809E6}.Release|Any CPU.ActiveCfg = Release|Any CPU
		{3407F977-7D52-429B-B75E-454D6C9809E6}.Release|Any CPU.Build.0 = Release|Any CPU
	EndGlobalSection
	GlobalSection(SolutionProperties) = preSolution
		HideSolutionNode = FALSE
	EndGlobalSection
	GlobalSection(ExtensibilityGlobals) = postSolution
		SolutionGuid = {A29ABCD6-0E22-4974-A60C-E1FEAA31BCDE}
	EndGlobalSection
EndGlobal
